
Microsoft Visual Studio Solution File, Format Version 12.00
# Visual Studio Version 17
VisualStudioVersion = 17.5.33627.172
MinimumVisualStudioVersion = 10.0.40219.1
Project("{9A19103F-16F7-4668-BE54-9A1E7A4F7556}") = "MagicVilla_VillaAPI", "MagicVilla_VillaAPI\MagicVilla_VillaAPI.csproj", "{2890D8C2-6E3C-479D-809D-571EBB93FAE3}"
EndProject
Project("{9A19103F-16F7-4668-BE54-9A1E7A4F7556}") = "MagicVilla_Web", "MagicVilla_Web\MagicVilla_Web.csproj", "{A845A54E-7A1A-4423-B0BD-C6F966172AEB}"
EndProject
Project("{9A19103F-16F7-4668-BE54-9A1E7A4F7556}") = "MagicVilla_Utility", "MagicVilla_Utility\MagicVilla_Utility.csproj", "{2C1EC7EE-3509-431C-9390-D17460924E02}"
EndProject
Global
	GlobalSection(SolutionConfigurationPlatforms) = preSolution
		Debug|Any CPU = Debug|Any CPU
		Release|Any CPU = Release|Any CPU
	EndGlobalSection
	GlobalSection(ProjectConfigurationPlatforms) = postSolution
		{2890D8C2-6E3C-479D-809D-571EBB93FAE3}.Debug|Any CPU.ActiveCfg = Debug|Any CPU
		{2890D8C2-6E3C-479D-809D-571EBB93FAE3}.Debug|Any CPU.Build.0 = Debug|Any CPU
		{2890D8C2-6E3C-479D-809D-571EBB93FAE3}.Release|Any CPU.ActiveCfg = Release|Any CPU
		{2890D8C2-6E3C-479D-809D-571EBB93FAE3}.Release|Any CPU.Build.0 = Release|Any CPU
		{A845A54E-7A1A-4423-B0BD-C6F966172AEB}.Debug|Any CPU.ActiveCfg = Debug|Any CPU
		{A845A54E-7A1A-4423-B0BD-C6F966172AEB}.Debug|Any CPU.Build.0 = Debug|Any CPU
		{A845A54E-7A1A-4423-B0BD-C6F966172AEB}.Release|Any CPU.ActiveCfg = Release|Any CPU
		{A845A54E-7A1A-4423-B0BD-C6F966172AEB}.Release|Any CPU.Build.0 = Release|Any CPU
		{2C1EC7EE-3509-431C-9390-D17460924E02}.Debug|Any CPU.ActiveCfg = Debug|Any CPU
		{2C1EC7EE-3509-431C-9390-D17460924E02}.Debug|Any CPU.Build.0 = Debug|Any CPU
		{2C1EC7EE-3509-431C-9390-D17460924E02}.Release|Any CPU.ActiveCfg = Release|Any CPU
		{2C1EC7EE-3509-431C-9390-D17460924E02}.Release|Any CPU.Build.0 = Release|Any CPU
	EndGlobalSection
	GlobalSection(SolutionProperties) = preSolution
		HideSolutionNode = FALSE
	EndGlobalSection
	GlobalSection(ExtensibilityGlobals) = postSolution
		SolutionGuid = {F358E781-8E45-4FE6-962C-5ECC75A032A3}
	EndGlobalSection
EndGlobal
